// !$*UTF8*$!
{
	archiveVersion = 1;
	classes = {
	};
	objectVersion = 51;
	objects = {

/* Begin PBXBuildFile section */
		1C7F7D985B287664383A7E26 /* Pods_SmartendanceApp.framework in Frameworks */ = {isa = PBXBuildFile; fileRef = AE13D463B051FED04A4E5288 /* Pods_SmartendanceApp.framework */; };
		A30ACE60268EE64D00F1365B /* AttendanceModel.swift in Sources */ = {isa = PBXBuildFile; fileRef = A30ACE5F268EE64D00F1365B /* AttendanceModel.swift */; };
		A32B1052268969C700114F13 /* ResultViewController.swift in Sources */ = {isa = PBXBuildFile; fileRef = A32B1051268969C700114F13 /* ResultViewController.swift */; };
		A338F2CE269D85D700015BC7 /* AttendanceCheckModel.swift in Sources */ = {isa = PBXBuildFile; fileRef = A338F2CD269D85D700015BC7 /* AttendanceCheckModel.swift */; };
		A3B894B32688C4BE00715BB4 /* AppDelegate.swift in Sources */ = {isa = PBXBuildFile; fileRef = A3B894B22688C4BE00715BB4 /* AppDelegate.swift */; };
		A3B894B52688C4BE00715BB4 /* SceneDelegate.swift in Sources */ = {isa = PBXBuildFile; fileRef = A3B894B42688C4BE00715BB4 /* SceneDelegate.swift */; };
		A3B894B72688C4BE00715BB4 /* ViewController.swift in Sources */ = {isa = PBXBuildFile; fileRef = A3B894B62688C4BE00715BB4 /* ViewController.swift */; };
		A3B894BA2688C4BE00715BB4 /* Main.storyboard in Resources */ = {isa = PBXBuildFile; fileRef = A3B894B82688C4BE00715BB4 /* Main.storyboard */; };
		A3B894BC2688C4C000715BB4 /* Assets.xcassets in Resources */ = {isa = PBXBuildFile; fileRef = A3B894BB2688C4C000715BB4 /* Assets.xcassets */; };
		A3B894BF2688C4C000715BB4 /* LaunchScreen.storyboard in Resources */ = {isa = PBXBuildFile; fileRef = A3B894BD2688C4C000715BB4 /* LaunchScreen.storyboard */; };
		A3B894C72688D4BE00715BB4 /* MyPageViewController.swift in Sources */ = {isa = PBXBuildFile; fileRef = A3B894C62688D4BE00715BB4 /* MyPageViewController.swift */; };
		A3B894CB2688DA3800715BB4 /* AttendanceCompleteViewController.swift in Sources */ = {isa = PBXBuildFile; fileRef = A3B894CA2688DA3800715BB4 /* AttendanceCompleteViewController.swift */; };
		A3BB2BC5269544B400AB97AC /* UuidCheckModel.swift in Sources */ = {isa = PBXBuildFile; fileRef = A3BB2BC4269544B400AB97AC /* UuidCheckModel.swift */; };
		A3C81A052688DEC600F8B3F5 /* RoomSelectViewController.swift in Sources */ = {isa = PBXBuildFile; fileRef = A3C81A042688DEC600F8B3F5 /* RoomSelectViewController.swift */; };
		A3CCA81E2688E56D005A11BE /* RoomSelectWithTeacherViewController.swift in Sources */ = {isa = PBXBuildFile; fileRef = A3CCA81D2688E56D005A11BE /* RoomSelectWithTeacherViewController.swift */; };
		A3CCA8202688E5BB005A11BE /* AttendanceCheckWithTeacherViewController.swift in Sources */ = {isa = PBXBuildFile; fileRef = A3CCA81F2688E5BB005A11BE /* AttendanceCheckWithTeacherViewController.swift */; };
		A3CD19DE2690141700CDECB8 /* Login.swift in Sources */ = {isa = PBXBuildFile; fileRef = A3CD19DD2690141700CDECB8 /* Login.swift */; };
		A3E976732694A7B9002E56A8 /* BeaconSearchViewController.swift in Sources */ = {isa = PBXBuildFile; fileRef = A3E976722694A7B9002E56A8 /* BeaconSearchViewController.swift */; };
		A3E976752694CADC002E56A8 /* iPhone12mini.storyboard in Resources */ = {isa = PBXBuildFile; fileRef = A3E976742694CADC002E56A8 /* iPhone12mini.storyboard */; };
/* End PBXBuildFile section */

/* Begin PBXFileReference section */
		7046409DBEA071946198C5C0 /* Pods-SmartendanceApp.release.xcconfig */ = {isa = PBXFileReference; includeInIndex = 1; lastKnownFileType = text.xcconfig; name = "Pods-SmartendanceApp.release.xcconfig"; path = "Target Support Files/Pods-SmartendanceApp/Pods-SmartendanceApp.release.xcconfig"; sourceTree = "<group>"; };
		A30ACE5F268EE64D00F1365B /* AttendanceModel.swift */ = {isa = PBXFileReference; lastKnownFileType = sourcecode.swift; path = AttendanceModel.swift; sourceTree = "<group>"; };
		A32B1051268969C700114F13 /* ResultViewController.swift */ = {isa = PBXFileReference; lastKnownFileType = sourcecode.swift; path = ResultViewController.swift; sourceTree = "<group>"; };
		A338F2CD269D85D700015BC7 /* AttendanceCheckModel.swift */ = {isa = PBXFileReference; lastKnownFileType = sourcecode.swift; path = AttendanceCheckModel.swift; sourceTree = "<group>"; };
		A3B894AF2688C4BE00715BB4 /* SmartendanceApp.app */ = {isa = PBXFileReference; explicitFileType = wrapper.application; includeInIndex = 0; path = SmartendanceApp.app; sourceTree = BUILT_PRODUCTS_DIR; };
		A3B894B22688C4BE00715BB4 /* AppDelegate.swift */ = {isa = PBXFileReference; lastKnownFileType = sourcecode.swift; path = AppDelegate.swift; sourceTree = "<group>"; };
		A3B894B42688C4BE00715BB4 /* SceneDelegate.swift */ = {isa = PBXFileReference; lastKnownFileType = sourcecode.swift; path = SceneDelegate.swift; sourceTree = "<group>"; };
		A3B894B62688C4BE00715BB4 /* ViewController.swift */ = {isa = PBXFileReference; lastKnownFileType = sourcecode.swift; path = ViewController.swift; sourceTree = "<group>"; };
		A3B894B92688C4BE00715BB4 /* Base */ = {isa = PBXFileReference; lastKnownFileType = file.storyboard; name = Base; path = Base.lproj/Main.storyboard; sourceTree = "<group>"; };
		A3B894BB2688C4C000715BB4 /* Assets.xcassets */ = {isa = PBXFileReference; lastKnownFileType = folder.assetcatalog; path = Assets.xcassets; sourceTree = "<group>"; };
		A3B894BE2688C4C000715BB4 /* Base */ = {isa = PBXFileReference; lastKnownFileType = file.storyboard; name = Base; path = Base.lproj/LaunchScreen.storyboard; sourceTree = "<group>"; };
		A3B894C02688C4C000715BB4 /* Info.plist */ = {isa = PBXFileReference; lastKnownFileType = text.plist.xml; path = Info.plist; sourceTree = "<group>"; };
		A3B894C62688D4BE00715BB4 /* MyPageViewController.swift */ = {isa = PBXFileReference; lastKnownFileType = sourcecode.swift; path = MyPageViewController.swift; sourceTree = "<group>"; };
		A3B894CA2688DA3800715BB4 /* AttendanceCompleteViewController.swift */ = {isa = PBXFileReference; lastKnownFileType = sourcecode.swift; path = AttendanceCompleteViewController.swift; sourceTree = "<group>"; };
		A3BB2BC4269544B400AB97AC /* UuidCheckModel.swift */ = {isa = PBXFileReference; lastKnownFileType = sourcecode.swift; path = UuidCheckModel.swift; sourceTree = "<group>"; };
		A3C81A042688DEC600F8B3F5 /* RoomSelectViewController.swift */ = {isa = PBXFileReference; lastKnownFileType = sourcecode.swift; path = RoomSelectViewController.swift; sourceTree = "<group>"; };
		A3CCA81D2688E56D005A11BE /* RoomSelectWithTeacherViewController.swift */ = {isa = PBXFileReference; lastKnownFileType = sourcecode.swift; path = RoomSelectWithTeacherViewController.swift; sourceTree = "<group>"; };
		A3CCA81F2688E5BB005A11BE /* AttendanceCheckWithTeacherViewController.swift */ = {isa = PBXFileReference; lastKnownFileType = sourcecode.swift; path = AttendanceCheckWithTeacherViewController.swift; sourceTree = "<group>"; };
		A3CD19DD2690141700CDECB8 /* Login.swift */ = {isa = PBXFileReference; lastKnownFileType = sourcecode.swift; path = Login.swift; sourceTree = "<group>"; };
		A3E976722694A7B9002E56A8 /* BeaconSearchViewController.swift */ = {isa = PBXFileReference; lastKnownFileType = sourcecode.swift; path = BeaconSearchViewController.swift; sourceTree = "<group>"; };
		A3E976742694CADC002E56A8 /* iPhone12mini.storyboard */ = {isa = PBXFileReference; lastKnownFileType = file.storyboard; path = iPhone12mini.storyboard; sourceTree = "<group>"; };
		AE13D463B051FED04A4E5288 /* Pods_SmartendanceApp.framework */ = {isa = PBXFileReference; explicitFileType = wrapper.framework; includeInIndex = 0; path = Pods_SmartendanceApp.framework; sourceTree = BUILT_PRODUCTS_DIR; };
		F082BF0CCCED980701F7AED8 /* Pods-SmartendanceApp.debug.xcconfig */ = {isa = PBXFileReference; includeInIndex = 1; lastKnownFileType = text.xcconfig; name = "Pods-SmartendanceApp.debug.xcconfig"; path = "Target Support Files/Pods-SmartendanceApp/Pods-SmartendanceApp.debug.xcconfig"; sourceTree = "<group>"; };
/* End PBXFileReference section */

/* Begin PBXFrameworksBuildPhase section */
		A3B894AC2688C4BE00715BB4 /* Frameworks */ = {
			isa = PBXFrameworksBuildPhase;
			buildActionMask = 2147483647;
			files = (
				1C7F7D985B287664383A7E26 /* Pods_SmartendanceApp.framework in Frameworks */,
			);
			runOnlyForDeploymentPostprocessing = 0;
		};
/* End PBXFrameworksBuildPhase section */

/* Begin PBXGroup section */
		050B80874009741F8CD1CE55 /* Frameworks */ = {
			isa = PBXGroup;
			children = (
				AE13D463B051FED04A4E5288 /* Pods_SmartendanceApp.framework */,
			);
			name = Frameworks;
			sourceTree = "<group>";
		};
		A3882488268D60800026108F /* Model */ = {
			isa = PBXGroup;
			children = (
				A30ACE5F268EE64D00F1365B /* AttendanceModel.swift */,
				A338F2CD269D85D700015BC7 /* AttendanceCheckModel.swift */,
				A3CD19DD2690141700CDECB8 /* Login.swift */,
				A3BB2BC4269544B400AB97AC /* UuidCheckModel.swift */,
			);
			path = Model;
			sourceTree = "<group>";
		};
		A3882489268D608D0026108F /* View */ = {
			isa = PBXGroup;
			children = (
				A3B894B82688C4BE00715BB4 /* Main.storyboard */,
				A3B894BB2688C4C000715BB4 /* Assets.xcassets */,
				A3E976742694CADC002E56A8 /* iPhone12mini.storyboard */,
			);
			path = View;
			sourceTree = "<group>";
		};
		A388248A268D60940026108F /* Controller */ = {
			isa = PBXGroup;
			children = (
				A3B894B22688C4BE00715BB4 /* AppDelegate.swift */,
				A3B894B42688C4BE00715BB4 /* SceneDelegate.swift */,
				A3B894B62688C4BE00715BB4 /* ViewController.swift */,
				A3B894C62688D4BE00715BB4 /* MyPageViewController.swift */,
				A3C81A042688DEC600F8B3F5 /* RoomSelectViewController.swift */,
				A3B894CA2688DA3800715BB4 /* AttendanceCompleteViewController.swift */,
				A32B1051268969C700114F13 /* ResultViewController.swift */,
				A3CCA81D2688E56D005A11BE /* RoomSelectWithTeacherViewController.swift */,
				A3CCA81F2688E5BB005A11BE /* AttendanceCheckWithTeacherViewController.swift */,
				A3E976722694A7B9002E56A8 /* BeaconSearchViewController.swift */,
			);
			path = Controller;
			sourceTree = "<group>";
		};
		A3B894A62688C4BE00715BB4 = {
			isa = PBXGroup;
			children = (
				A3B894B12688C4BE00715BB4 /* SmartendanceApp */,
				A3B894B02688C4BE00715BB4 /* Products */,
				FE43A979E5CC326E65D6A0D1 /* Pods */,
				050B80874009741F8CD1CE55 /* Frameworks */,
			);
			sourceTree = "<group>";
		};
		A3B894B02688C4BE00715BB4 /* Products */ = {
			isa = PBXGroup;
			children = (
				A3B894AF2688C4BE00715BB4 /* SmartendanceApp.app */,
			);
			name = Products;
			sourceTree = "<group>";
		};
		A3B894B12688C4BE00715BB4 /* SmartendanceApp */ = {
			isa = PBXGroup;
			children = (
				A3882488268D60800026108F /* Model */,
				A3882489268D608D0026108F /* View */,
				A388248A268D60940026108F /* Controller */,
				A3B894BD2688C4C000715BB4 /* LaunchScreen.storyboard */,
				A3B894C02688C4C000715BB4 /* Info.plist */,
			);
			path = SmartendanceApp;
			sourceTree = "<group>";
		};
		FE43A979E5CC326E65D6A0D1 /* Pods */ = {
			isa = PBXGroup;
			children = (
				F082BF0CCCED980701F7AED8 /* Pods-SmartendanceApp.debug.xcconfig */,
				7046409DBEA071946198C5C0 /* Pods-SmartendanceApp.release.xcconfig */,
			);
			path = Pods;
			sourceTree = "<group>";
		};
/* End PBXGroup section */

/* Begin PBXNativeTarget section */
		A3B894AE2688C4BE00715BB4 /* SmartendanceApp */ = {
			isa = PBXNativeTarget;
			buildConfigurationList = A3B894C32688C4C000715BB4 /* Build configuration list for PBXNativeTarget "SmartendanceApp" */;
			buildPhases = (
				F2B9ADCD7A998A3E61E614A2 /* [CP] Check Pods Manifest.lock */,
				A3B894AB2688C4BE00715BB4 /* Sources */,
				A3B894AC2688C4BE00715BB4 /* Frameworks */,
				A3B894AD2688C4BE00715BB4 /* Resources */,
				0519D6BE702DB8BD5060144C /* [CP] Embed Pods Frameworks */,
			);
			buildRules = (
			);
			dependencies = (
			);
			name = SmartendanceApp;
			productName = SmartendanceApp;
			productReference = A3B894AF2688C4BE00715BB4 /* SmartendanceApp.app */;
			productType = "com.apple.product-type.application";
		};
/* End PBXNativeTarget section */

/* Begin PBXProject section */
		A3B894A72688C4BE00715BB4 /* Project object */ = {
			isa = PBXProject;
			attributes = {
				LastSwiftUpdateCheck = 1250;
				LastUpgradeCheck = 1250;
				TargetAttributes = {
					A3B894AE2688C4BE00715BB4 = {
						CreatedOnToolsVersion = 12.5.1;
					};
				};
			};
			buildConfigurationList = A3B894AA2688C4BE00715BB4 /* Build configuration list for PBXProject "SmartendanceApp" */;
			compatibilityVersion = "Xcode 9.3";
			developmentRegion = en;
			hasScannedForEncodings = 0;
			knownRegions = (
				en,
				Base,
			);
			mainGroup = A3B894A62688C4BE00715BB4;
			productRefGroup = A3B894B02688C4BE00715BB4 /* Products */;
			projectDirPath = "";
			projectRoot = "";
			targets = (
				A3B894AE2688C4BE00715BB4 /* SmartendanceApp */,
			);
		};
/* End PBXProject section */

/* Begin PBXResourcesBuildPhase section */
		A3B894AD2688C4BE00715BB4 /* Resources */ = {
			isa = PBXResourcesBuildPhase;
			buildActionMask = 2147483647;
			files = (
				A3B894BF2688C4C000715BB4 /* LaunchScreen.storyboard in Resources */,
				A3E976752694CADC002E56A8 /* iPhone12mini.storyboard in Resources */,
				A3B894BC2688C4C000715BB4 /* Assets.xcassets in Resources */,
				A3B894BA2688C4BE00715BB4 /* Main.storyboard in Resources */,
			);
			runOnlyForDeploymentPostprocessing = 0;
		};
/* End PBXResourcesBuildPhase section */

/* Begin PBXShellScriptBuildPhase section */
		0519D6BE702DB8BD5060144C /* [CP] Embed Pods Frameworks */ = {
			isa = PBXShellScriptBuildPhase;
			buildActionMask = 2147483647;
			files = (
			);
			inputFileListPaths = (
				"${PODS_ROOT}/Target Support Files/Pods-SmartendanceApp/Pods-SmartendanceApp-frameworks-${CONFIGURATION}-input-files.xcfilelist",
			);
			name = "[CP] Embed Pods Frameworks";
			outputFileListPaths = (
				"${PODS_ROOT}/Target Support Files/Pods-SmartendanceApp/Pods-SmartendanceApp-frameworks-${CONFIGURATION}-output-files.xcfilelist",
			);
			runOnlyForDeploymentPostprocessing = 0;
			shellPath = /bin/sh;
			shellScript = "\"${PODS_ROOT}/Target Support Files/Pods-SmartendanceApp/Pods-SmartendanceApp-frameworks.sh\"\n";
			showEnvVarsInLog = 0;
		};
		F2B9ADCD7A998A3E61E614A2 /* [CP] Check Pods Manifest.lock */ = {
			isa = PBXShellScriptBuildPhase;
			buildActionMask = 2147483647;
			files = (
			);
			inputFileListPaths = (
			);
			inputPaths = (
				"${PODS_PODFILE_DIR_PATH}/Podfile.lock",
				"${PODS_ROOT}/Manifest.lock",
			);
			name = "[CP] Check Pods Manifest.lock";
			outputFileListPaths = (
			);
			outputPaths = (
				"$(DERIVED_FILE_DIR)/Pods-SmartendanceApp-checkManifestLockResult.txt",
			);
			runOnlyForDeploymentPostprocessing = 0;
			shellPath = /bin/sh;
			shellScript = "diff \"${PODS_PODFILE_DIR_PATH}/Podfile.lock\" \"${PODS_ROOT}/Manifest.lock\" > /dev/null\nif [ $? != 0 ] ; then\n    # print error to STDERR\n    echo \"error: The sandbox is not in sync with the Podfile.lock. Run 'pod install' or update your CocoaPods installation.\" >&2\n    exit 1\nfi\n# This output is used by Xcode 'outputs' to avoid re-running this script phase.\necho \"SUCCESS\" > \"${SCRIPT_OUTPUT_FILE_0}\"\n";
			showEnvVarsInLog = 0;
		};
/* End PBXShellScriptBuildPhase section */

/* Begin PBXSourcesBuildPhase section */
		A3B894AB2688C4BE00715BB4 /* Sources */ = {
			isa = PBXSourcesBuildPhase;
			buildActionMask = 2147483647;
			files = (
				A3CCA81E2688E56D005A11BE /* RoomSelectWithTeacherViewController.swift in Sources */,
				A3B894B72688C4BE00715BB4 /* ViewController.swift in Sources */,
				A3B894CB2688DA3800715BB4 /* AttendanceCompleteViewController.swift in Sources */,
				A3BB2BC5269544B400AB97AC /* UuidCheckModel.swift in Sources */,
				A3CD19DE2690141700CDECB8 /* Login.swift in Sources */,
				A3E976732694A7B9002E56A8 /* BeaconSearchViewController.swift in Sources */,
				A3B894B32688C4BE00715BB4 /* AppDelegate.swift in Sources */,
				A30ACE60268EE64D00F1365B /* AttendanceModel.swift in Sources */,
				A3C81A052688DEC600F8B3F5 /* RoomSelectViewController.swift in Sources */,
				A3CCA8202688E5BB005A11BE /* AttendanceCheckWithTeacherViewController.swift in Sources */,
				A3B894B52688C4BE00715BB4 /* SceneDelegate.swift in Sources */,
				A3B894C72688D4BE00715BB4 /* MyPageViewController.swift in Sources */,
				A32B1052268969C700114F13 /* ResultViewController.swift in Sources */,
				A338F2CE269D85D700015BC7 /* AttendanceCheckModel.swift in Sources */,
			);
			runOnlyForDeploymentPostprocessing = 0;
		};
/* End PBXSourcesBuildPhase section */

/* Begin PBXVariantGroup section */
		A3B894B82688C4BE00715BB4 /* Main.storyboard */ = {
			isa = PBXVariantGroup;
			children = (
				A3B894B92688C4BE00715BB4 /* Base */,
			);
			name = Main.storyboard;
			sourceTree = "<group>";
		};
		A3B894BD2688C4C000715BB4 /* LaunchScreen.storyboard */ = {
			isa = PBXVariantGroup;
			children = (
				A3B894BE2688C4C000715BB4 /* Base */,
			);
			name = LaunchScreen.storyboard;
			sourceTree = "<group>";
		};
/* End PBXVariantGroup section */

/* Begin XCBuildConfiguration section */
		A3B894C12688C4C000715BB4 /* Debug */ = {
			isa = XCBuildConfiguration;
			buildSettings = {
				ALWAYS_SEARCH_USER_PATHS = NO;
				CLANG_ANALYZER_NONNULL = YES;
				CLANG_ANALYZER_NUMBER_OBJECT_CONVERSION = YES_AGGRESSIVE;
				CLANG_CXX_LANGUAGE_STANDARD = "gnu++14";
				CLANG_CXX_LIBRARY = "libc++";
				CLANG_ENABLE_MODULES = YES;
				CLANG_ENABLE_OBJC_ARC = YES;
				CLANG_ENABLE_OBJC_WEAK = YES;
				CLANG_WARN_BLOCK_CAPTURE_AUTORELEASING = YES;
				CLANG_WARN_BOOL_CONVERSION = YES;
				CLANG_WARN_COMMA = YES;
				CLANG_WARN_CONSTANT_CONVERSION = YES;
				CLANG_WARN_DEPRECATED_OBJC_IMPLEMENTATIONS = YES;
				CLANG_WARN_DIRECT_OBJC_ISA_USAGE = YES_ERROR;
				CLANG_WARN_DOCUMENTATION_COMMENTS = YES;
				CLANG_WARN_EMPTY_BODY = YES;
				CLANG_WARN_ENUM_CONVERSION = YES;
				CLANG_WARN_INFINITE_RECURSION = YES;
				CLANG_WARN_INT_CONVERSION = YES;
				CLANG_WARN_NON_LITERAL_NULL_CONVERSION = YES;
				CLANG_WARN_OBJC_IMPLICIT_RETAIN_SELF = YES;
				CLANG_WARN_OBJC_LITERAL_CONVERSION = YES;
				CLANG_WARN_OBJC_ROOT_CLASS = YES_ERROR;
				CLANG_WARN_QUOTED_INCLUDE_IN_FRAMEWORK_HEADER = YES;
				CLANG_WARN_RANGE_LOOP_ANALYSIS = YES;
				CLANG_WARN_STRICT_PROTOTYPES = YES;
				CLANG_WARN_SUSPICIOUS_MOVE = YES;
				CLANG_WARN_UNGUARDED_AVAILABILITY = YES_AGGRESSIVE;
				CLANG_WARN_UNREACHABLE_CODE = YES;
				CLANG_WARN__DUPLICATE_METHOD_MATCH = YES;
				CODE_SIGN_IDENTITY = "Apple Development";
				COPY_PHASE_STRIP = NO;
				DEBUG_INFORMATION_FORMAT = dwarf;
				ENABLE_STRICT_OBJC_MSGSEND = YES;
				ENABLE_TESTABILITY = YES;
				GCC_C_LANGUAGE_STANDARD = gnu11;
				GCC_DYNAMIC_NO_PIC = NO;
				GCC_NO_COMMON_BLOCKS = YES;
				GCC_OPTIMIZATION_LEVEL = 0;
				GCC_PREPROCESSOR_DEFINITIONS = (
					"DEBUG=1",
					"$(inherited)",
				);
				GCC_WARN_64_TO_32_BIT_CONVERSION = YES;
				GCC_WARN_ABOUT_RETURN_TYPE = YES_ERROR;
				GCC_WARN_UNDECLARED_SELECTOR = YES;
				GCC_WARN_UNINITIALIZED_AUTOS = YES_AGGRESSIVE;
				GCC_WARN_UNUSED_FUNCTION = YES;
				GCC_WARN_UNUSED_VARIABLE = YES;
				IPHONEOS_DEPLOYMENT_TARGET = 14.5;
				MTL_ENABLE_DEBUG_INFO = INCLUDE_SOURCE;
				MTL_FAST_MATH = YES;
				ONLY_ACTIVE_ARCH = YES;
				SDKROOT = iphoneos;
				SWIFT_ACTIVE_COMPILATION_CONDITIONS = DEBUG;
				SWIFT_OPTIMIZATION_LEVEL = "-Onone";
			};
			name = Debug;
		};
		A3B894C22688C4C000715BB4 /* Release */ = {
			isa = XCBuildConfiguration;
			buildSettings = {
				ALWAYS_SEARCH_USER_PATHS = NO;
				CLANG_ANALYZER_NONNULL = YES;
				CLANG_ANALYZER_NUMBER_OBJECT_CONVERSION = YES_AGGRESSIVE;
				CLANG_CXX_LANGUAGE_STANDARD = "gnu++14";
				CLANG_CXX_LIBRARY = "libc++";
				CLANG_ENABLE_MODULES = YES;
				CLANG_ENABLE_OBJC_ARC = YES;
				CLANG_ENABLE_OBJC_WEAK = YES;
				CLANG_WARN_BLOCK_CAPTURE_AUTORELEASING = YES;
				CLANG_WARN_BOOL_CONVERSION = YES;
				CLANG_WARN_COMMA = YES;
				CLANG_WARN_CONSTANT_CONVERSION = YES;
				CLANG_WARN_DEPRECATED_OBJC_IMPLEMENTATIONS = YES;
				CLANG_WARN_DIRECT_OBJC_ISA_USAGE = YES_ERROR;
				CLANG_WARN_DOCUMENTATION_COMMENTS = YES;
				CLANG_WARN_EMPTY_BODY = YES;
				CLANG_WARN_ENUM_CONVERSION = YES;
				CLANG_WARN_INFINITE_RECURSION = YES;
				CLANG_WARN_INT_CONVERSION = YES;
				CLANG_WARN_NON_LITERAL_NULL_CONVERSION = YES;
				CLANG_WARN_OBJC_IMPLICIT_RETAIN_SELF = YES;
				CLANG_WARN_OBJC_LITERAL_CONVERSION = YES;
				CLANG_WARN_OBJC_ROOT_CLASS = YES_ERROR;
				CLANG_WARN_QUOTED_INCLUDE_IN_FRAMEWORK_HEADER = YES;
				CLANG_WARN_RANGE_LOOP_ANALYSIS = YES;
				CLANG_WARN_STRICT_PROTOTYPES = YES;
				CLANG_WARN_SUSPICIOUS_MOVE = YES;
				CLANG_WARN_UNGUARDED_AVAILABILITY = YES_AGGRESSIVE;
				CLANG_WARN_UNREACHABLE_CODE = YES;
				CLANG_WARN__DUPLICATE_METHOD_MATCH = YES;
				CODE_SIGN_IDENTITY = "Apple Development";
				COPY_PHASE_STRIP = NO;
				DEBUG_INFORMATION_FORMAT = "dwarf-with-dsym";
				ENABLE_NS_ASSERTIONS = NO;
				ENABLE_STRICT_OBJC_MSGSEND = YES;
				GCC_C_LANGUAGE_STANDARD = gnu11;
				GCC_NO_COMMON_BLOCKS = YES;
				GCC_WARN_64_TO_32_BIT_CONVERSION = YES;
				GCC_WARN_ABOUT_RETURN_TYPE = YES_ERROR;
				GCC_WARN_UNDECLARED_SELECTOR = YES;
				GCC_WARN_UNINITIALIZED_AUTOS = YES_AGGRESSIVE;
				GCC_WARN_UNUSED_FUNCTION = YES;
				GCC_WARN_UNUSED_VARIABLE = YES;
				IPHONEOS_DEPLOYMENT_TARGET = 14.5;
				MTL_ENABLE_DEBUG_INFO = NO;
				MTL_FAST_MATH = YES;
				SDKROOT = iphoneos;
				SWIFT_COMPILATION_MODE = wholemodule;
				SWIFT_OPTIMIZATION_LEVEL = "-O";
				VALIDATE_PRODUCT = YES;
			};
			name = Release;
		};
		A3B894C42688C4C000715BB4 /* Debug */ = {
			isa = XCBuildConfiguration;
			baseConfigurationReference = F082BF0CCCED980701F7AED8 /* Pods-SmartendanceApp.debug.xcconfig */;
			buildSettings = {
				ASSETCATALOG_COMPILER_APPICON_NAME = AppIcon;
				ASSETCATALOG_COMPILER_GLOBAL_ACCENT_COLOR_NAME = AccentColor;
				CODE_SIGN_STYLE = Automatic;
				DEVELOPMENT_TEAM = 79K4QVB8FA;
				INFOPLIST_FILE = SmartendanceApp/Info.plist;
				LD_RUNPATH_SEARCH_PATHS = (
					"$(inherited)",
					"@executable_path/Frameworks",
				);
				PRODUCT_BUNDLE_IDENTIFIER = com.ryotakaneko.SmartendanceApp;
				PRODUCT_NAME = "$(TARGET_NAME)";
				SWIFT_VERSION = 5.0;
				TARGETED_DEVICE_FAMILY = 1;
			};
			name = Debug;
		};
		A3B894C52688C4C000715BB4 /* Release */ = {
			isa = XCBuildConfiguration;
			baseConfigurationReference = 7046409DBEA071946198C5C0 /* Pods-SmartendanceApp.release.xcconfig */;
			buildSettings = {
				ASSETCATALOG_COMPILER_APPICON_NAME = AppIcon;
				ASSETCATALOG_COMPILER_GLOBAL_ACCENT_COLOR_NAME = AccentColor;
				CODE_SIGN_STYLE = Automatic;
				DEVELOPMENT_TEAM = 79K4QVB8FA;
				INFOPLIST_FILE = SmartendanceApp/Info.plist;
				LD_RUNPATH_SEARCH_PATHS = (
					"$(inherited)",
					"@executable_path/Frameworks",
				);
				PRODUCT_BUNDLE_IDENTIFIER = com.ryotakaneko.SmartendanceApp;
				PRODUCT_NAME = "$(TARGET_NAME)";
				SWIFT_VERSION = 5.0;
				TARGETED_DEVICE_FAMILY = 1;
			};
			name = Release;
		};
/* End XCBuildConfiguration section */

/* Begin XCConfigurationList section */
		A3B894AA2688C4BE00715BB4 /* Build configuration list for PBXProject "SmartendanceApp" */ = {
			isa = XCConfigurationList;
			buildConfigurations = (
				A3B894C12688C4C000715BB4 /* Debug */,
				A3B894C22688C4C000715BB4 /* Release */,
			);
			defaultConfigurationIsVisible = 0;
			defaultConfigurationName = Release;
		};
		A3B894C32688C4C000715BB4 /* Build configuration list for PBXNativeTarget "SmartendanceApp" */ = {
			isa = XCConfigurationList;
			buildConfigurations = (
				A3B894C42688C4C000715BB4 /* Debug */,
				A3B894C52688C4C000715BB4 /* Release */,
			);
			defaultConfigurationIsVisible = 0;
			defaultConfigurationName = Release;
		};
/* End XCConfigurationList section */
	};
	rootObject = A3B894A72688C4BE00715BB4 /* Project object */;
}
